version = 1
revision = 3
requires-python = ">=3.11"

[[package]]
name = "faker"
version = "38.2.0"
source = { registry = "https://pypi.org/simple" }
dependencies = [
    { name = "tzdata" },
]
sdist = { url = "https://files.pythonhosted.org/packages/64/27/022d4dbd4c20567b4c294f79a133cc2f05240ea61e0d515ead18c995c249/faker-38.2.0.tar.gz", hash = "sha256:20672803db9c7cb97f9b56c18c54b915b6f1d8991f63d1d673642dc43f5ce7ab", size = 1941469, upload-time = "2025-11-19T16:37:31.892Z" }
wheels = [
    { url = "https://files.pythonhosted.org/packages/17/93/00c94d45f55c336434a15f98d906387e87ce28f9918e4444829a8fda432d/faker-38.2.0-py3-none-any.whl", hash = "sha256:35fe4a0a79dee0dc4103a6083ee9224941e7d3594811a50e3969e547b0d2ee65", size = 1980505, upload-time = "2025-11-19T16:37:30.208Z" },
]

[[package]]
name = "kafka-python"
version = "2.3.0"
source = { registry = "https://pypi.org/simple" }
sdist = { url = "https://files.pythonhosted.org/packages/27/5c/d3b6d93ed625d2cb0265e6fe0f507be544f6edde577c1b118f42566389bf/kafka_python-2.3.0.tar.gz", hash = "sha256:de65b596d26b5c894f227c35c7d29a65cea8f8a1c4f0f2b4e3e2ea60d503acc8", size = 358391, upload-time = "2025-11-21T00:47:34.078Z" }
wheels = [
    { url = "https://files.pythonhosted.org/packages/4a/db/694fd552295ed091e7418d02b6268ee36092d4c93211136c448fe061fe32/kafka_python-2.3.0-py2.py3-none-any.whl", hash = "sha256:831ba6dff28144d0f1145c874d391f3ebb3c2c3e940cc78d74e83f0183497c98", size = 326260, upload-time = "2025-11-21T00:47:32.561Z" },
]

[[package]]
name = "py4j"
version = "0.10.9.9"
source = { registry = "https://pypi.org/simple" }
sdist = { url = "https://files.pythonhosted.org/packages/38/31/0b210511177070c8d5d3059556194352e5753602fa64b85b7ab81ec1a009/py4j-0.10.9.9.tar.gz", hash = "sha256:f694cad19efa5bd1dee4f3e5270eb406613c974394035e5bfc4ec1aba870b879", size = 761089, upload-time = "2025-01-15T03:53:18.624Z" }
wheels = [
    { url = "https://files.pythonhosted.org/packages/bd/db/ea0203e495be491c85af87b66e37acfd3bf756fd985f87e46fc5e3bf022c/py4j-0.10.9.9-py2.py3-none-any.whl", hash = "sha256:c7c26e4158defb37b0bb124933163641a2ff6e3a3913f7811b0ddbe07ed61533", size = 203008, upload-time = "2025-01-15T03:53:15.648Z" },
]

[[package]]
name = "pyspark"
version = "4.0.1"
source = { registry = "https://pypi.org/simple" }
dependencies = [
    { name = "py4j" },
]
sdist = { url = "https://files.pythonhosted.org/packages/ae/40/1414582f16c1d7b051c668c2e19c62d21a18bd181d944cb24f5ddbb2423f/pyspark-4.0.1.tar.gz", hash = "sha256:9d1f22d994f60369228397e3479003ffe2dd736ba79165003246ff7bd48e2c73", size = 434204896, upload-time = "2025-09-06T07:15:57.091Z" }

[[package]]
name = "smartfarm-lakehouse"
version = "0.1.0"
source = { virtual = "." }
dependencies = [
    { name = "faker" },
    { name = "kafka-python" },
    { name = "pyspark" },
]

[package.metadata]
requires-dist = [
    { name = "faker", specifier = ">=38.2.0" },
    { name = "kafka-python", specifier = ">=2.3.0" },
    { name = "pyspark", specifier = ">=4.0.1" },
]

[[package]]
name = "tzdata"
version = "2025.2"
source = { registry = "https://pypi.org/simple" }
sdist = { url = "https://files.pythonhosted.org/packages/95/32/1a225d6164441be760d75c2c42e2780dc0873fe382da3e98a2e1e48361e5/tzdata-2025.2.tar.gz", hash = "sha256:b60a638fcc0daffadf82fe0f57e53d06bdec2f36c4df66280ae79bce6bd6f2b9", size = 196380, upload-time = "2025-03-23T13:54:43.652Z" }
wheels = [
    { url = "https://files.pythonhosted.org/packages/5c/23/c7abc0ca0a1526a0774eca151daeb8de62ec457e77262b66b359c3c7679e/tzdata-2025.2-py2.py3-none-any.whl", hash = "sha256:1a403fada01ff9221ca8044d701868fa132215d84beb92242d9acd2147f667a8", size = 347839, upload-time = "2025-03-23T13:54:41.845Z" },
]
